// !$*UTF8*$!
{
	archiveVersion = 1;
	classes = {
	};
	objectVersion = 56;
	objects = {

/* Begin PBXBuildFile section */
		1B07257E2A7D8DCC007DB802 /* Uber_IshApp.swift in Sources */ = {isa = PBXBuildFile; fileRef = 1B07257D2A7D8DCC007DB802 /* Uber_IshApp.swift */; };
		1B0725822A7D8DCE007DB802 /* Assets.xcassets in Resources */ = {isa = PBXBuildFile; fileRef = 1B0725812A7D8DCE007DB802 /* Assets.xcassets */; };
		1B0725852A7D8DCE007DB802 /* Preview Assets.xcassets in Resources */ = {isa = PBXBuildFile; fileRef = 1B0725842A7D8DCE007DB802 /* Preview Assets.xcassets */; };
		1B07258F2A7D8DCE007DB802 /* Uber_IshTests.swift in Sources */ = {isa = PBXBuildFile; fileRef = 1B07258E2A7D8DCE007DB802 /* Uber_IshTests.swift */; };
		1B0725992A7D8DCE007DB802 /* Uber_IshUITests.swift in Sources */ = {isa = PBXBuildFile; fileRef = 1B0725982A7D8DCE007DB802 /* Uber_IshUITests.swift */; };
		1B07259B2A7D8DCE007DB802 /* Uber_IshUITestsLaunchTests.swift in Sources */ = {isa = PBXBuildFile; fileRef = 1B07259A2A7D8DCE007DB802 /* Uber_IshUITestsLaunchTests.swift */; };
		1B0725AF2A7D8EFF007DB802 /* HomeView.swift in Sources */ = {isa = PBXBuildFile; fileRef = 1B0725AE2A7D8EFF007DB802 /* HomeView.swift */; };
		1B0725B12A7D8F59007DB802 /* UberMapViewRepresentable.swift in Sources */ = {isa = PBXBuildFile; fileRef = 1B0725B02A7D8F59007DB802 /* UberMapViewRepresentable.swift */; };
		1B0725B32A7D90E5007DB802 /* LocationManager.swift in Sources */ = {isa = PBXBuildFile; fileRef = 1B0725B22A7D90E5007DB802 /* LocationManager.swift */; };
		1B0725BA2A81781C007DB802 /* LocationSearchActivationView.swift in Sources */ = {isa = PBXBuildFile; fileRef = 1B0725B92A81781C007DB802 /* LocationSearchActivationView.swift */; };
		1B0725BC2A817A06007DB802 /* MapViewActionButton.swift in Sources */ = {isa = PBXBuildFile; fileRef = 1B0725BB2A817A06007DB802 /* MapViewActionButton.swift */; };
		1B0725BF2A817CBD007DB802 /* LocationSearchView.swift in Sources */ = {isa = PBXBuildFile; fileRef = 1B0725BE2A817CBD007DB802 /* LocationSearchView.swift */; };
		1B0725C12A817F4C007DB802 /* LocationSearchResultCell.swift in Sources */ = {isa = PBXBuildFile; fileRef = 1B0725C02A817F4C007DB802 /* LocationSearchResultCell.swift */; };
		1B0725C32A818B4D007DB802 /* LocationSearchViewModel.swift in Sources */ = {isa = PBXBuildFile; fileRef = 1B0725C22A818B4D007DB802 /* LocationSearchViewModel.swift */; };
		1B4657B52A8F11FF00EB449A /* SideMenuView.swift in Sources */ = {isa = PBXBuildFile; fileRef = 1B4657B42A8F11FF00EB449A /* SideMenuView.swift */; };
		1B4657B72A8F151D00EB449A /* SideMenuOptionViewModel.swift in Sources */ = {isa = PBXBuildFile; fileRef = 1B4657B62A8F151D00EB449A /* SideMenuOptionViewModel.swift */; };
		1B4657B92A8F15A200EB449A /* SideMenuOption.swift in Sources */ = {isa = PBXBuildFile; fileRef = 1B4657B82A8F15A200EB449A /* SideMenuOption.swift */; };
		1B4657BE2A901E8B00EB449A /* SettingsView.swift in Sources */ = {isa = PBXBuildFile; fileRef = 1B4657BD2A901E8B00EB449A /* SettingsView.swift */; };
		1B4657C02A9020AE00EB449A /* SavedLocationRowView.swift in Sources */ = {isa = PBXBuildFile; fileRef = 1B4657BF2A9020AE00EB449A /* SavedLocationRowView.swift */; };
		1B4657C22A9022EF00EB449A /* SettingsRowView.swift in Sources */ = {isa = PBXBuildFile; fileRef = 1B4657C12A9022EF00EB449A /* SettingsRowView.swift */; };
		1B4657C42A902D8700EB449A /* SavedLocationViewModel.swift in Sources */ = {isa = PBXBuildFile; fileRef = 1B4657C32A902D8700EB449A /* SavedLocationViewModel.swift */; };
		1B4D9F2C2A910EF700C400F0 /* SavedLocationSearchView.swift in Sources */ = {isa = PBXBuildFile; fileRef = 1B4D9F2B2A910EF600C400F0 /* SavedLocationSearchView.swift */; };
		1B4D9F2E2A911A0400C400F0 /* LocationSearchResultsView.swift in Sources */ = {isa = PBXBuildFile; fileRef = 1B4D9F2D2A911A0400C400F0 /* LocationSearchResultsView.swift */; };
		1B4D9F302A918CF900C400F0 /* SavedLocation.swift in Sources */ = {isa = PBXBuildFile; fileRef = 1B4D9F2F2A918CF900C400F0 /* SavedLocation.swift */; };
		1B4D9F322A957EF200C400F0 /* DeveloperPreview.swift in Sources */ = {isa = PBXBuildFile; fileRef = 1B4D9F312A957EF200C400F0 /* DeveloperPreview.swift */; };
		1B4D9F342A95871200C400F0 /* HomeViewModel.swift in Sources */ = {isa = PBXBuildFile; fileRef = 1B4D9F332A95871200C400F0 /* HomeViewModel.swift */; };
		1B4D9F362A95A10F00C400F0 /* DriverAnnotation.swift in Sources */ = {isa = PBXBuildFile; fileRef = 1B4D9F352A95A10F00C400F0 /* DriverAnnotation.swift */; };
		1B4D9F392A95B28A00C400F0 /* UserService.swift in Sources */ = {isa = PBXBuildFile; fileRef = 1B4D9F382A95B28A00C400F0 /* UserService.swift */; };
		1B7DF02D2A8DBEFB00163019 /* User.swift in Sources */ = {isa = PBXBuildFile; fileRef = 1B7DF02C2A8DBEFB00163019 /* User.swift */; };
		1B97C7412A8A72C6003BE57E /* LandingView.swift in Sources */ = {isa = PBXBuildFile; fileRef = 1B97C7402A8A72C6003BE57E /* LandingView.swift */; };
		1B97C7442A8A72DE003BE57E /* SignInView.swift in Sources */ = {isa = PBXBuildFile; fileRef = 1B97C7432A8A72DE003BE57E /* SignInView.swift */; };
		1B97C7462A8A72E9003BE57E /* SignUpView.swift in Sources */ = {isa = PBXBuildFile; fileRef = 1B97C7452A8A72E9003BE57E /* SignUpView.swift */; };
		1B97C7492A8A8163003BE57E /* CustomInputField.swift in Sources */ = {isa = PBXBuildFile; fileRef = 1B97C7482A8A8163003BE57E /* CustomInputField.swift */; };
		1B97C74B2A8A8BA7003BE57E /* GoogleService-Info.plist in Resources */ = {isa = PBXBuildFile; fileRef = 1B97C74A2A8A8BA7003BE57E /* GoogleService-Info.plist */; };
		1B97C74E2A8A8CC1003BE57E /* FirebaseAuth in Frameworks */ = {isa = PBXBuildFile; productRef = 1B97C74D2A8A8CC1003BE57E /* FirebaseAuth */; };
		1B97C7502A8A8CC1003BE57E /* FirebaseFirestore in Frameworks */ = {isa = PBXBuildFile; productRef = 1B97C74F2A8A8CC1003BE57E /* FirebaseFirestore */; };
		1B97C7522A8A8CC1003BE57E /* FirebaseFirestoreSwift in Frameworks */ = {isa = PBXBuildFile; productRef = 1B97C7512A8A8CC1003BE57E /* FirebaseFirestoreSwift */; };
		1B97C7542A8A8CC1003BE57E /* FirebaseStorage in Frameworks */ = {isa = PBXBuildFile; productRef = 1B97C7532A8A8CC1003BE57E /* FirebaseStorage */; };
		1BD345312A83254C0039D47B /* MapViewState.swift in Sources */ = {isa = PBXBuildFile; fileRef = 1BD345302A83254C0039D47B /* MapViewState.swift */; };
		1BD345362A83FDE60039D47B /* RideRequestView.swift in Sources */ = {isa = PBXBuildFile; fileRef = 1BD345352A83FDE60039D47B /* RideRequestView.swift */; };
		1BD7CA9D2A86ACBD00E661B1 /* RideType.swift in Sources */ = {isa = PBXBuildFile; fileRef = 1BD7CA9C2A86ACBD00E661B1 /* RideType.swift */; };
		1BD7CA9F2A86BD9E00E661B1 /* Double.swift in Sources */ = {isa = PBXBuildFile; fileRef = 1BD7CA9E2A86BD9E00E661B1 /* Double.swift */; };
		1BD7CAA12A8879FE00E661B1 /* UberIshLocation.swift in Sources */ = {isa = PBXBuildFile; fileRef = 1BD7CAA02A8879FE00E661B1 /* UberIshLocation.swift */; };
		1BD7CAA32A88837000E661B1 /* Color.swift in Sources */ = {isa = PBXBuildFile; fileRef = 1BD7CAA22A88837000E661B1 /* Color.swift */; };
		1BDF41A82A8B19C0001C1C88 /* AuthenticationViewModel.swift in Sources */ = {isa = PBXBuildFile; fileRef = 1BDF41A72A8B19C0001C1C88 /* AuthenticationViewModel.swift */; };
/* End PBXBuildFile section */

/* Begin PBXContainerItemProxy section */
		1B07258B2A7D8DCE007DB802 /* PBXContainerItemProxy */ = {
			isa = PBXContainerItemProxy;
			containerPortal = 1B0725722A7D8DCC007DB802 /* Project object */;
			proxyType = 1;
			remoteGlobalIDString = 1B0725792A7D8DCC007DB802;
			remoteInfo = "Uber-Ish";
		};
		1B0725952A7D8DCE007DB802 /* PBXContainerItemProxy */ = {
			isa = PBXContainerItemProxy;
			containerPortal = 1B0725722A7D8DCC007DB802 /* Project object */;
			proxyType = 1;
			remoteGlobalIDString = 1B0725792A7D8DCC007DB802;
			remoteInfo = "Uber-Ish";
		};
/* End PBXContainerItemProxy section */

/* Begin PBXFileReference section */
		1B07257A2A7D8DCC007DB802 /* Uber-Ish.app */ = {isa = PBXFileReference; explicitFileType = wrapper.application; includeInIndex = 0; path = "Uber-Ish.app"; sourceTree = BUILT_PRODUCTS_DIR; };
		1B07257D2A7D8DCC007DB802 /* Uber_IshApp.swift */ = {isa = PBXFileReference; lastKnownFileType = sourcecode.swift; path = Uber_IshApp.swift; sourceTree = "<group>"; };
		1B0725812A7D8DCE007DB802 /* Assets.xcassets */ = {isa = PBXFileReference; lastKnownFileType = folder.assetcatalog; path = Assets.xcassets; sourceTree = "<group>"; };
		1B0725842A7D8DCE007DB802 /* Preview Assets.xcassets */ = {isa = PBXFileReference; lastKnownFileType = folder.assetcatalog; path = "Preview Assets.xcassets"; sourceTree = "<group>"; };
		1B07258A2A7D8DCE007DB802 /* Uber-IshTests.xctest */ = {isa = PBXFileReference; explicitFileType = wrapper.cfbundle; includeInIndex = 0; path = "Uber-IshTests.xctest"; sourceTree = BUILT_PRODUCTS_DIR; };
		1B07258E2A7D8DCE007DB802 /* Uber_IshTests.swift */ = {isa = PBXFileReference; lastKnownFileType = sourcecode.swift; path = Uber_IshTests.swift; sourceTree = "<group>"; };
		1B0725942A7D8DCE007DB802 /* Uber-IshUITests.xctest */ = {isa = PBXFileReference; explicitFileType = wrapper.cfbundle; includeInIndex = 0; path = "Uber-IshUITests.xctest"; sourceTree = BUILT_PRODUCTS_DIR; };
		1B0725982A7D8DCE007DB802 /* Uber_IshUITests.swift */ = {isa = PBXFileReference; lastKnownFileType = sourcecode.swift; path = Uber_IshUITests.swift; sourceTree = "<group>"; };
		1B07259A2A7D8DCE007DB802 /* Uber_IshUITestsLaunchTests.swift */ = {isa = PBXFileReference; lastKnownFileType = sourcecode.swift; path = Uber_IshUITestsLaunchTests.swift; sourceTree = "<group>"; };
		1B0725AE2A7D8EFF007DB802 /* HomeView.swift */ = {isa = PBXFileReference; lastKnownFileType = sourcecode.swift; path = HomeView.swift; sourceTree = "<group>"; };
		1B0725B02A7D8F59007DB802 /* UberMapViewRepresentable.swift */ = {isa = PBXFileReference; lastKnownFileType = sourcecode.swift; path = UberMapViewRepresentable.swift; sourceTree = "<group>"; };
		1B0725B22A7D90E5007DB802 /* LocationManager.swift */ = {isa = PBXFileReference; lastKnownFileType = sourcecode.swift; path = LocationManager.swift; sourceTree = "<group>"; };
		1B0725B42A7D91E6007DB802 /* Info.plist */ = {isa = PBXFileReference; lastKnownFileType = text.plist; path = Info.plist; sourceTree = "<group>"; };
		1B0725B92A81781C007DB802 /* LocationSearchActivationView.swift */ = {isa = PBXFileReference; lastKnownFileType = sourcecode.swift; path = LocationSearchActivationView.swift; sourceTree = "<group>"; };
		1B0725BB2A817A06007DB802 /* MapViewActionButton.swift */ = {isa = PBXFileReference; lastKnownFileType = sourcecode.swift; path = MapViewActionButton.swift; sourceTree = "<group>"; };
		1B0725BE2A817CBD007DB802 /* LocationSearchView.swift */ = {isa = PBXFileReference; lastKnownFileType = sourcecode.swift; path = LocationSearchView.swift; sourceTree = "<group>"; };
		1B0725C02A817F4C007DB802 /* LocationSearchResultCell.swift */ = {isa = PBXFileReference; lastKnownFileType = sourcecode.swift; path = LocationSearchResultCell.swift; sourceTree = "<group>"; };
		1B0725C22A818B4D007DB802 /* LocationSearchViewModel.swift */ = {isa = PBXFileReference; lastKnownFileType = sourcecode.swift; path = LocationSearchViewModel.swift; sourceTree = "<group>"; };
		1B4657B42A8F11FF00EB449A /* SideMenuView.swift */ = {isa = PBXFileReference; lastKnownFileType = sourcecode.swift; path = SideMenuView.swift; sourceTree = "<group>"; };
		1B4657B62A8F151D00EB449A /* SideMenuOptionViewModel.swift */ = {isa = PBXFileReference; lastKnownFileType = sourcecode.swift; path = SideMenuOptionViewModel.swift; sourceTree = "<group>"; };
		1B4657B82A8F15A200EB449A /* SideMenuOption.swift */ = {isa = PBXFileReference; lastKnownFileType = sourcecode.swift; path = SideMenuOption.swift; sourceTree = "<group>"; };
		1B4657BD2A901E8B00EB449A /* SettingsView.swift */ = {isa = PBXFileReference; lastKnownFileType = sourcecode.swift; path = SettingsView.swift; sourceTree = "<group>"; };
		1B4657BF2A9020AE00EB449A /* SavedLocationRowView.swift */ = {isa = PBXFileReference; lastKnownFileType = sourcecode.swift; path = SavedLocationRowView.swift; sourceTree = "<group>"; };
		1B4657C12A9022EF00EB449A /* SettingsRowView.swift */ = {isa = PBXFileReference; lastKnownFileType = sourcecode.swift; path = SettingsRowView.swift; sourceTree = "<group>"; };
		1B4657C32A902D8700EB449A /* SavedLocationViewModel.swift */ = {isa = PBXFileReference; lastKnownFileType = sourcecode.swift; path = SavedLocationViewModel.swift; sourceTree = "<group>"; };
		1B4D9F2B2A910EF600C400F0 /* SavedLocationSearchView.swift */ = {isa = PBXFileReference; lastKnownFileType = sourcecode.swift; path = SavedLocationSearchView.swift; sourceTree = "<group>"; };
		1B4D9F2D2A911A0400C400F0 /* LocationSearchResultsView.swift */ = {isa = PBXFileReference; lastKnownFileType = sourcecode.swift; path = LocationSearchResultsView.swift; sourceTree = "<group>"; };
		1B4D9F2F2A918CF900C400F0 /* SavedLocation.swift */ = {isa = PBXFileReference; lastKnownFileType = sourcecode.swift; path = SavedLocation.swift; sourceTree = "<group>"; };
		1B4D9F312A957EF200C400F0 /* DeveloperPreview.swift */ = {isa = PBXFileReference; lastKnownFileType = sourcecode.swift; path = DeveloperPreview.swift; sourceTree = "<group>"; };
		1B4D9F332A95871200C400F0 /* HomeViewModel.swift */ = {isa = PBXFileReference; lastKnownFileType = sourcecode.swift; path = HomeViewModel.swift; sourceTree = "<group>"; };
		1B4D9F352A95A10F00C400F0 /* DriverAnnotation.swift */ = {isa = PBXFileReference; lastKnownFileType = sourcecode.swift; path = DriverAnnotation.swift; sourceTree = "<group>"; };
		1B4D9F382A95B28A00C400F0 /* UserService.swift */ = {isa = PBXFileReference; lastKnownFileType = sourcecode.swift; path = UserService.swift; sourceTree = "<group>"; };
		1B7DF02C2A8DBEFB00163019 /* User.swift */ = {isa = PBXFileReference; lastKnownFileType = sourcecode.swift; path = User.swift; sourceTree = "<group>"; };
		1B97C7402A8A72C6003BE57E /* LandingView.swift */ = {isa = PBXFileReference; lastKnownFileType = sourcecode.swift; path = LandingView.swift; sourceTree = "<group>"; };
		1B97C7432A8A72DE003BE57E /* SignInView.swift */ = {isa = PBXFileReference; lastKnownFileType = sourcecode.swift; path = SignInView.swift; sourceTree = "<group>"; };
		1B97C7452A8A72E9003BE57E /* SignUpView.swift */ = {isa = PBXFileReference; lastKnownFileType = sourcecode.swift; path = SignUpView.swift; sourceTree = "<group>"; };
		1B97C7482A8A8163003BE57E /* CustomInputField.swift */ = {isa = PBXFileReference; lastKnownFileType = sourcecode.swift; path = CustomInputField.swift; sourceTree = "<group>"; };
		1B97C74A2A8A8BA7003BE57E /* GoogleService-Info.plist */ = {isa = PBXFileReference; fileEncoding = 4; lastKnownFileType = text.plist.xml; path = "GoogleService-Info.plist"; sourceTree = "<group>"; };
		1BD345302A83254C0039D47B /* MapViewState.swift */ = {isa = PBXFileReference; lastKnownFileType = sourcecode.swift; path = MapViewState.swift; sourceTree = "<group>"; };
		1BD345352A83FDE60039D47B /* RideRequestView.swift */ = {isa = PBXFileReference; lastKnownFileType = sourcecode.swift; path = RideRequestView.swift; sourceTree = "<group>"; };
		1BD7CA9C2A86ACBD00E661B1 /* RideType.swift */ = {isa = PBXFileReference; lastKnownFileType = sourcecode.swift; path = RideType.swift; sourceTree = "<group>"; };
		1BD7CA9E2A86BD9E00E661B1 /* Double.swift */ = {isa = PBXFileReference; lastKnownFileType = sourcecode.swift; path = Double.swift; sourceTree = "<group>"; };
		1BD7CAA02A8879FE00E661B1 /* UberIshLocation.swift */ = {isa = PBXFileReference; lastKnownFileType = sourcecode.swift; path = UberIshLocation.swift; sourceTree = "<group>"; };
		1BD7CAA22A88837000E661B1 /* Color.swift */ = {isa = PBXFileReference; lastKnownFileType = sourcecode.swift; path = Color.swift; sourceTree = "<group>"; };
		1BDF41A72A8B19C0001C1C88 /* AuthenticationViewModel.swift */ = {isa = PBXFileReference; lastKnownFileType = sourcecode.swift; path = AuthenticationViewModel.swift; sourceTree = "<group>"; };
/* End PBXFileReference section */

/* Begin PBXFrameworksBuildPhase section */
		1B0725772A7D8DCC007DB802 /* Frameworks */ = {
			isa = PBXFrameworksBuildPhase;
			buildActionMask = 2147483647;
			files = (
				1B97C74E2A8A8CC1003BE57E /* FirebaseAuth in Frameworks */,
				1B97C7542A8A8CC1003BE57E /* FirebaseStorage in Frameworks */,
				1B97C7502A8A8CC1003BE57E /* FirebaseFirestore in Frameworks */,
				1B97C7522A8A8CC1003BE57E /* FirebaseFirestoreSwift in Frameworks */,
			);
			runOnlyForDeploymentPostprocessing = 0;
		};
		1B0725872A7D8DCE007DB802 /* Frameworks */ = {
			isa = PBXFrameworksBuildPhase;
			buildActionMask = 2147483647;
			files = (
			);
			runOnlyForDeploymentPostprocessing = 0;
		};
		1B0725912A7D8DCE007DB802 /* Frameworks */ = {
			isa = PBXFrameworksBuildPhase;
			buildActionMask = 2147483647;
			files = (
			);
			runOnlyForDeploymentPostprocessing = 0;
		};
/* End PBXFrameworksBuildPhase section */

/* Begin PBXGroup section */
		1B0725712A7D8DCC007DB802 = {
			isa = PBXGroup;
			children = (
				1B07257C2A7D8DCC007DB802 /* Uber-Ish */,
				1B07258D2A7D8DCE007DB802 /* Uber-IshTests */,
				1B0725972A7D8DCE007DB802 /* Uber-IshUITests */,
				1B07257B2A7D8DCC007DB802 /* Products */,
			);
			sourceTree = "<group>";
		};
		1B07257B2A7D8DCC007DB802 /* Products */ = {
			isa = PBXGroup;
			children = (
				1B07257A2A7D8DCC007DB802 /* Uber-Ish.app */,
				1B07258A2A7D8DCE007DB802 /* Uber-IshTests.xctest */,
				1B0725942A7D8DCE007DB802 /* Uber-IshUITests.xctest */,
			);
			name = Products;
			sourceTree = "<group>";
		};
		1B07257C2A7D8DCC007DB802 /* Uber-Ish */ = {
			isa = PBXGroup;
			children = (
				1B0725B42A7D91E6007DB802 /* Info.plist */,
				1B4D9F372A95B27C00C400F0 /* Services */,
				1B97C7472A8A814F003BE57E /* ReusableItems */,
				1B0725AB2A7D8EDF007DB802 /* Models */,
				1B0725AA2A7D8ED9007DB802 /* Managers */,
				1B0725A92A7D8ED3007DB802 /* Extensions */,
				1B0725A82A7D8ED0007DB802 /* Core */,
				1B0725A72A7D8EAE007DB802 /* App */,
				1B0725812A7D8DCE007DB802 /* Assets.xcassets */,
				1B97C74A2A8A8BA7003BE57E /* GoogleService-Info.plist */,
				1B0725832A7D8DCE007DB802 /* Preview Content */,
			);
			path = "Uber-Ish";
			sourceTree = "<group>";
		};
		1B0725832A7D8DCE007DB802 /* Preview Content */ = {
			isa = PBXGroup;
			children = (
				1B0725842A7D8DCE007DB802 /* Preview Assets.xcassets */,
			);
			path = "Preview Content";
			sourceTree = "<group>";
		};
		1B07258D2A7D8DCE007DB802 /* Uber-IshTests */ = {
			isa = PBXGroup;
			children = (
				1B07258E2A7D8DCE007DB802 /* Uber_IshTests.swift */,
			);
			path = "Uber-IshTests";
			sourceTree = "<group>";
		};
		1B0725972A7D8DCE007DB802 /* Uber-IshUITests */ = {
			isa = PBXGroup;
			children = (
				1B0725982A7D8DCE007DB802 /* Uber_IshUITests.swift */,
				1B07259A2A7D8DCE007DB802 /* Uber_IshUITestsLaunchTests.swift */,
			);
			path = "Uber-IshUITests";
			sourceTree = "<group>";
		};
		1B0725A72A7D8EAE007DB802 /* App */ = {
			isa = PBXGroup;
			children = (
				1B07257D2A7D8DCC007DB802 /* Uber_IshApp.swift */,
			);
			path = App;
			sourceTree = "<group>";
		};
		1B0725A82A7D8ED0007DB802 /* Core */ = {
			isa = PBXGroup;
			children = (
				1B4657BA2A901E6F00EB449A /* Settings */,
				1B4657B12A8F11E200EB449A /* SideMenu */,
				1B97C73D2A8A72A1003BE57E /* Authentication */,
				1BD345342A83FDD10039D47B /* Trips */,
				1B0725B62A8177E3007DB802 /* LocationSearch */,
				1B0725B52A8177C3007DB802 /* Home */,
			);
			path = Core;
			sourceTree = "<group>";
		};
		1B0725A92A7D8ED3007DB802 /* Extensions */ = {
			isa = PBXGroup;
			children = (
				1BD7CA9E2A86BD9E00E661B1 /* Double.swift */,
				1BD7CAA22A88837000E661B1 /* Color.swift */,
				1B4D9F312A957EF200C400F0 /* DeveloperPreview.swift */,
			);
			path = Extensions;
			sourceTree = "<group>";
		};
		1B0725AA2A7D8ED9007DB802 /* Managers */ = {
			isa = PBXGroup;
			children = (
				1B0725B22A7D90E5007DB802 /* LocationManager.swift */,
			);
			path = Managers;
			sourceTree = "<group>";
		};
		1B0725AB2A7D8EDF007DB802 /* Models */ = {
			isa = PBXGroup;
			children = (
				1BD345302A83254C0039D47B /* MapViewState.swift */,
				1BD7CA9C2A86ACBD00E661B1 /* RideType.swift */,
				1BD7CAA02A8879FE00E661B1 /* UberIshLocation.swift */,
				1B7DF02C2A8DBEFB00163019 /* User.swift */,
				1B4D9F2F2A918CF900C400F0 /* SavedLocation.swift */,
				1B4D9F352A95A10F00C400F0 /* DriverAnnotation.swift */,
			);
			path = Models;
			sourceTree = "<group>";
		};
		1B0725AC2A7D8EEF007DB802 /* ViewModels */ = {
			isa = PBXGroup;
			children = (
				1B4D9F332A95871200C400F0 /* HomeViewModel.swift */,
			);
			path = ViewModels;
			sourceTree = "<group>";
		};
		1B0725AD2A7D8EF4007DB802 /* Views */ = {
			isa = PBXGroup;
			children = (
				1B0725AE2A7D8EFF007DB802 /* HomeView.swift */,
				1B0725B02A7D8F59007DB802 /* UberMapViewRepresentable.swift */,
				1B0725BB2A817A06007DB802 /* MapViewActionButton.swift */,
			);
			path = Views;
			sourceTree = "<group>";
		};
		1B0725B52A8177C3007DB802 /* Home */ = {
			isa = PBXGroup;
			children = (
				1B0725AC2A7D8EEF007DB802 /* ViewModels */,
				1B0725AD2A7D8EF4007DB802 /* Views */,
			);
			path = Home;
			sourceTree = "<group>";
		};
		1B0725B62A8177E3007DB802 /* LocationSearch */ = {
			isa = PBXGroup;
			children = (
				1B0725B82A8177FA007DB802 /* Views */,
				1B0725B72A8177F1007DB802 /* ViewModels */,
			);
			path = LocationSearch;
			sourceTree = "<group>";
		};
		1B0725B72A8177F1007DB802 /* ViewModels */ = {
			isa = PBXGroup;
			children = (
				1B0725C22A818B4D007DB802 /* LocationSearchViewModel.swift */,
			);
			path = ViewModels;
			sourceTree = "<group>";
		};
		1B0725B82A8177FA007DB802 /* Views */ = {
			isa = PBXGroup;
			children = (
				1B0725BE2A817CBD007DB802 /* LocationSearchView.swift */,
				1B4D9F2B2A910EF600C400F0 /* SavedLocationSearchView.swift */,
				1B0725C02A817F4C007DB802 /* LocationSearchResultCell.swift */,
				1B0725B92A81781C007DB802 /* LocationSearchActivationView.swift */,
			);
			path = Views;
			sourceTree = "<group>";
		};
		1B4657B12A8F11E200EB449A /* SideMenu */ = {
			isa = PBXGroup;
			children = (
				1B4657B32A8F11ED00EB449A /* ViewModels */,
				1B4657B22A8F11E800EB449A /* Views */,
			);
			path = SideMenu;
			sourceTree = "<group>";
		};
		1B4657B22A8F11E800EB449A /* Views */ = {
			isa = PBXGroup;
			children = (
				1B4657B42A8F11FF00EB449A /* SideMenuView.swift */,
				1B4657B82A8F15A200EB449A /* SideMenuOption.swift */,
			);
			path = Views;
			sourceTree = "<group>";
		};
		1B4657B32A8F11ED00EB449A /* ViewModels */ = {
			isa = PBXGroup;
			children = (
				1B4657B62A8F151D00EB449A /* SideMenuOptionViewModel.swift */,
			);
			path = ViewModels;
			sourceTree = "<group>";
		};
		1B4657BA2A901E6F00EB449A /* Settings */ = {
			isa = PBXGroup;
			children = (
				1B4657BC2A901E7E00EB449A /* ViewModels */,
				1B4657BB2A901E7A00EB449A /* Views */,
			);
			path = Settings;
			sourceTree = "<group>";
		};
		1B4657BB2A901E7A00EB449A /* Views */ = {
			isa = PBXGroup;
			children = (
				1B4657BD2A901E8B00EB449A /* SettingsView.swift */,
				1B4657BF2A9020AE00EB449A /* SavedLocationRowView.swift */,
				1B4657C12A9022EF00EB449A /* SettingsRowView.swift */,
			);
			path = Views;
			sourceTree = "<group>";
		};
		1B4657BC2A901E7E00EB449A /* ViewModels */ = {
			isa = PBXGroup;
			children = (
				1B4657C32A902D8700EB449A /* SavedLocationViewModel.swift */,
			);
			path = ViewModels;
			sourceTree = "<group>";
		};
		1B4D9F372A95B27C00C400F0 /* Services */ = {
			isa = PBXGroup;
			children = (
				1B4D9F382A95B28A00C400F0 /* UserService.swift */,
			);
			path = Services;
			sourceTree = "<group>";
		};
		1B97C73D2A8A72A1003BE57E /* Authentication */ = {
			isa = PBXGroup;
			children = (
				1B97C73E2A8A72AB003BE57E /* Views */,
				1B97C73F2A8A72B1003BE57E /* ViewModels */,
			);
			path = Authentication;
			sourceTree = "<group>";
		};
		1B97C73E2A8A72AB003BE57E /* Views */ = {
			isa = PBXGroup;
			children = (
				1B97C7402A8A72C6003BE57E /* LandingView.swift */,
				1B97C7432A8A72DE003BE57E /* SignInView.swift */,
				1B97C7452A8A72E9003BE57E /* SignUpView.swift */,
			);
			path = Views;
			sourceTree = "<group>";
		};
		1B97C73F2A8A72B1003BE57E /* ViewModels */ = {
			isa = PBXGroup;
			children = (
				1BDF41A72A8B19C0001C1C88 /* AuthenticationViewModel.swift */,
			);
			path = ViewModels;
			sourceTree = "<group>";
		};
		1B97C7472A8A814F003BE57E /* ReusableItems */ = {
			isa = PBXGroup;
			children = (
				1B97C7482A8A8163003BE57E /* CustomInputField.swift */,
				1B4D9F2D2A911A0400C400F0 /* LocationSearchResultsView.swift */,
			);
			path = ReusableItems;
			sourceTree = "<group>";
		};
		1BD345342A83FDD10039D47B /* Trips */ = {
			isa = PBXGroup;
			children = (
				1BD345352A83FDE60039D47B /* RideRequestView.swift */,
			);
			path = Trips;
			sourceTree = "<group>";
		};
/* End PBXGroup section */

/* Begin PBXNativeTarget section */
		1B0725792A7D8DCC007DB802 /* Uber-Ish */ = {
			isa = PBXNativeTarget;
			buildConfigurationList = 1B07259E2A7D8DCE007DB802 /* Build configuration list for PBXNativeTarget "Uber-Ish" */;
			buildPhases = (
				1B0725762A7D8DCC007DB802 /* Sources */,
				1B0725772A7D8DCC007DB802 /* Frameworks */,
				1B0725782A7D8DCC007DB802 /* Resources */,
			);
			buildRules = (
			);
			dependencies = (
			);
			name = "Uber-Ish";
			packageProductDependencies = (
				1B97C74D2A8A8CC1003BE57E /* FirebaseAuth */,
				1B97C74F2A8A8CC1003BE57E /* FirebaseFirestore */,
				1B97C7512A8A8CC1003BE57E /* FirebaseFirestoreSwift */,
				1B97C7532A8A8CC1003BE57E /* FirebaseStorage */,
			);
			productName = "Uber-Ish";
			productReference = 1B07257A2A7D8DCC007DB802 /* Uber-Ish.app */;
			productType = "com.apple.product-type.application";
		};
		1B0725892A7D8DCE007DB802 /* Uber-IshTests */ = {
			isa = PBXNativeTarget;
			buildConfigurationList = 1B0725A12A7D8DCE007DB802 /* Build configuration list for PBXNativeTarget "Uber-IshTests" */;
			buildPhases = (
				1B0725862A7D8DCE007DB802 /* Sources */,
				1B0725872A7D8DCE007DB802 /* Frameworks */,
				1B0725882A7D8DCE007DB802 /* Resources */,
			);
			buildRules = (
			);
			dependencies = (
				1B07258C2A7D8DCE007DB802 /* PBXTargetDependency */,
			);
			name = "Uber-IshTests";
			productName = "Uber-IshTests";
			productReference = 1B07258A2A7D8DCE007DB802 /* Uber-IshTests.xctest */;
			productType = "com.apple.product-type.bundle.unit-test";
		};
		1B0725932A7D8DCE007DB802 /* Uber-IshUITests */ = {
			isa = PBXNativeTarget;
			buildConfigurationList = 1B0725A42A7D8DCE007DB802 /* Build configuration list for PBXNativeTarget "Uber-IshUITests" */;
			buildPhases = (
				1B0725902A7D8DCE007DB802 /* Sources */,
				1B0725912A7D8DCE007DB802 /* Frameworks */,
				1B0725922A7D8DCE007DB802 /* Resources */,
			);
			buildRules = (
			);
			dependencies = (
				1B0725962A7D8DCE007DB802 /* PBXTargetDependency */,
			);
			name = "Uber-IshUITests";
			productName = "Uber-IshUITests";
			productReference = 1B0725942A7D8DCE007DB802 /* Uber-IshUITests.xctest */;
			productType = "com.apple.product-type.bundle.ui-testing";
		};
/* End PBXNativeTarget section */

/* Begin PBXProject section */
		1B0725722A7D8DCC007DB802 /* Project object */ = {
			isa = PBXProject;
			attributes = {
				BuildIndependentTargetsInParallel = 1;
				LastSwiftUpdateCheck = 1430;
				LastUpgradeCheck = 1430;
				TargetAttributes = {
					1B0725792A7D8DCC007DB802 = {
						CreatedOnToolsVersion = 14.3.1;
					};
					1B0725892A7D8DCE007DB802 = {
						CreatedOnToolsVersion = 14.3.1;
						TestTargetID = 1B0725792A7D8DCC007DB802;
					};
					1B0725932A7D8DCE007DB802 = {
						CreatedOnToolsVersion = 14.3.1;
						TestTargetID = 1B0725792A7D8DCC007DB802;
					};
				};
			};
			buildConfigurationList = 1B0725752A7D8DCC007DB802 /* Build configuration list for PBXProject "Uber-Ish" */;
			compatibilityVersion = "Xcode 14.0";
			developmentRegion = en;
			hasScannedForEncodings = 0;
			knownRegions = (
				en,
				Base,
			);
			mainGroup = 1B0725712A7D8DCC007DB802;
			packageReferences = (
				1B97C74C2A8A8CC1003BE57E /* XCRemoteSwiftPackageReference "firebase-ios-sdk" */,
			);
			productRefGroup = 1B07257B2A7D8DCC007DB802 /* Products */;
			projectDirPath = "";
			projectRoot = "";
			targets = (
				1B0725792A7D8DCC007DB802 /* Uber-Ish */,
				1B0725892A7D8DCE007DB802 /* Uber-IshTests */,
				1B0725932A7D8DCE007DB802 /* Uber-IshUITests */,
			);
		};
/* End PBXProject section */

/* Begin PBXResourcesBuildPhase section */
		1B0725782A7D8DCC007DB802 /* Resources */ = {
			isa = PBXResourcesBuildPhase;
			buildActionMask = 2147483647;
			files = (
				1B0725852A7D8DCE007DB802 /* Preview Assets.xcassets in Resources */,
				1B0725822A7D8DCE007DB802 /* Assets.xcassets in Resources */,
				1B97C74B2A8A8BA7003BE57E /* GoogleService-Info.plist in Resources */,
			);
			runOnlyForDeploymentPostprocessing = 0;
		};
		1B0725882A7D8DCE007DB802 /* Resources */ = {
			isa = PBXResourcesBuildPhase;
			buildActionMask = 2147483647;
			files = (
			);
			runOnlyForDeploymentPostprocessing = 0;
		};
		1B0725922A7D8DCE007DB802 /* Resources */ = {
			isa = PBXResourcesBuildPhase;
			buildActionMask = 2147483647;
			files = (
			);
			runOnlyForDeploymentPostprocessing = 0;
		};
/* End PBXResourcesBuildPhase section */

/* Begin PBXSourcesBuildPhase section */
		1B0725762A7D8DCC007DB802 /* Sources */ = {
			isa = PBXSourcesBuildPhase;
			buildActionMask = 2147483647;
			files = (
				1B0725C32A818B4D007DB802 /* LocationSearchViewModel.swift in Sources */,
				1B4D9F342A95871200C400F0 /* HomeViewModel.swift in Sources */,
				1B0725BF2A817CBD007DB802 /* LocationSearchView.swift in Sources */,
				1B4657B92A8F15A200EB449A /* SideMenuOption.swift in Sources */,
				1B0725B32A7D90E5007DB802 /* LocationManager.swift in Sources */,
				1BD345362A83FDE60039D47B /* RideRequestView.swift in Sources */,
				1B4657B52A8F11FF00EB449A /* SideMenuView.swift in Sources */,
				1B4D9F302A918CF900C400F0 /* SavedLocation.swift in Sources */,
				1B97C7412A8A72C6003BE57E /* LandingView.swift in Sources */,
				1B97C7492A8A8163003BE57E /* CustomInputField.swift in Sources */,
				1BD7CA9F2A86BD9E00E661B1 /* Double.swift in Sources */,
				1B97C7442A8A72DE003BE57E /* SignInView.swift in Sources */,
				1B4D9F2C2A910EF700C400F0 /* SavedLocationSearchView.swift in Sources */,
				1BD7CAA12A8879FE00E661B1 /* UberIshLocation.swift in Sources */,
				1BD345312A83254C0039D47B /* MapViewState.swift in Sources */,
				1B0725BC2A817A06007DB802 /* MapViewActionButton.swift in Sources */,
				1B4657B72A8F151D00EB449A /* SideMenuOptionViewModel.swift in Sources */,
				1B4657C02A9020AE00EB449A /* SavedLocationRowView.swift in Sources */,
				1BD7CAA32A88837000E661B1 /* Color.swift in Sources */,
				1B4657BE2A901E8B00EB449A /* SettingsView.swift in Sources */,
				1B4D9F362A95A10F00C400F0 /* DriverAnnotation.swift in Sources */,
				1B4D9F392A95B28A00C400F0 /* UserService.swift in Sources */,
				1B07257E2A7D8DCC007DB802 /* Uber_IshApp.swift in Sources */,
				1B0725B12A7D8F59007DB802 /* UberMapViewRepresentable.swift in Sources */,
				1B0725AF2A7D8EFF007DB802 /* HomeView.swift in Sources */,
				1B0725BA2A81781C007DB802 /* LocationSearchActivationView.swift in Sources */,
				1BDF41A82A8B19C0001C1C88 /* AuthenticationViewModel.swift in Sources */,
				1B0725C12A817F4C007DB802 /* LocationSearchResultCell.swift in Sources */,
				1B4D9F322A957EF200C400F0 /* DeveloperPreview.swift in Sources */,
				1B4D9F2E2A911A0400C400F0 /* LocationSearchResultsView.swift in Sources */,
				1B97C7462A8A72E9003BE57E /* SignUpView.swift in Sources */,
				1BD7CA9D2A86ACBD00E661B1 /* RideType.swift in Sources */,
				1B7DF02D2A8DBEFB00163019 /* User.swift in Sources */,
				1B4657C22A9022EF00EB449A /* SettingsRowView.swift in Sources */,
				1B4657C42A902D8700EB449A /* SavedLocationViewModel.swift in Sources */,
			);
			runOnlyForDeploymentPostprocessing = 0;
		};
		1B0725862A7D8DCE007DB802 /* Sources */ = {
			isa = PBXSourcesBuildPhase;
			buildActionMask = 2147483647;
			files = (
				1B07258F2A7D8DCE007DB802 /* Uber_IshTests.swift in Sources */,
			);
			runOnlyForDeploymentPostprocessing = 0;
		};
		1B0725902A7D8DCE007DB802 /* Sources */ = {
			isa = PBXSourcesBuildPhase;
			buildActionMask = 2147483647;
			files = (
				1B07259B2A7D8DCE007DB802 /* Uber_IshUITestsLaunchTests.swift in Sources */,
				1B0725992A7D8DCE007DB802 /* Uber_IshUITests.swift in Sources */,
			);
			runOnlyForDeploymentPostprocessing = 0;
		};
/* End PBXSourcesBuildPhase section */

/* Begin PBXTargetDependency section */
		1B07258C2A7D8DCE007DB802 /* PBXTargetDependency */ = {
			isa = PBXTargetDependency;
			target = 1B0725792A7D8DCC007DB802 /* Uber-Ish */;
			targetProxy = 1B07258B2A7D8DCE007DB802 /* PBXContainerItemProxy */;
		};
		1B0725962A7D8DCE007DB802 /* PBXTargetDependency */ = {
			isa = PBXTargetDependency;
			target = 1B0725792A7D8DCC007DB802 /* Uber-Ish */;
			targetProxy = 1B0725952A7D8DCE007DB802 /* PBXContainerItemProxy */;
		};
/* End PBXTargetDependency section */

/* Begin XCBuildConfiguration section */
		1B07259C2A7D8DCE007DB802 /* Debug */ = {
			isa = XCBuildConfiguration;
			buildSettings = {
				ALWAYS_SEARCH_USER_PATHS = NO;
				CLANG_ANALYZER_NONNULL = YES;
				CLANG_ANALYZER_NUMBER_OBJECT_CONVERSION = YES_AGGRESSIVE;
				CLANG_CXX_LANGUAGE_STANDARD = "gnu++20";
				CLANG_ENABLE_MODULES = YES;
				CLANG_ENABLE_OBJC_ARC = YES;
				CLANG_ENABLE_OBJC_WEAK = YES;
				CLANG_WARN_BLOCK_CAPTURE_AUTORELEASING = YES;
				CLANG_WARN_BOOL_CONVERSION = YES;
				CLANG_WARN_COMMA = YES;
				CLANG_WARN_CONSTANT_CONVERSION = YES;
				CLANG_WARN_DEPRECATED_OBJC_IMPLEMENTATIONS = YES;
				CLANG_WARN_DIRECT_OBJC_ISA_USAGE = YES_ERROR;
				CLANG_WARN_DOCUMENTATION_COMMENTS = YES;
				CLANG_WARN_EMPTY_BODY = YES;
				CLANG_WARN_ENUM_CONVERSION = YES;
				CLANG_WARN_INFINITE_RECURSION = YES;
				CLANG_WARN_INT_CONVERSION = YES;
				CLANG_WARN_NON_LITERAL_NULL_CONVERSION = YES;
				CLANG_WARN_OBJC_IMPLICIT_RETAIN_SELF = YES;
				CLANG_WARN_OBJC_LITERAL_CONVERSION = YES;
				CLANG_WARN_OBJC_ROOT_CLASS = YES_ERROR;
				CLANG_WARN_QUOTED_INCLUDE_IN_FRAMEWORK_HEADER = YES;
				CLANG_WARN_RANGE_LOOP_ANALYSIS = YES;
				CLANG_WARN_STRICT_PROTOTYPES = YES;
				CLANG_WARN_SUSPICIOUS_MOVE = YES;
				CLANG_WARN_UNGUARDED_AVAILABILITY = YES_AGGRESSIVE;
				CLANG_WARN_UNREACHABLE_CODE = YES;
				CLANG_WARN__DUPLICATE_METHOD_MATCH = YES;
				COPY_PHASE_STRIP = NO;
				DEBUG_INFORMATION_FORMAT = dwarf;
				ENABLE_STRICT_OBJC_MSGSEND = YES;
				ENABLE_TESTABILITY = YES;
				GCC_C_LANGUAGE_STANDARD = gnu11;
				GCC_DYNAMIC_NO_PIC = NO;
				GCC_NO_COMMON_BLOCKS = YES;
				GCC_OPTIMIZATION_LEVEL = 0;
				GCC_PREPROCESSOR_DEFINITIONS = (
					"DEBUG=1",
					"$(inherited)",
				);
				GCC_WARN_64_TO_32_BIT_CONVERSION = YES;
				GCC_WARN_ABOUT_RETURN_TYPE = YES_ERROR;
				GCC_WARN_UNDECLARED_SELECTOR = YES;
				GCC_WARN_UNINITIALIZED_AUTOS = YES_AGGRESSIVE;
				GCC_WARN_UNUSED_FUNCTION = YES;
				GCC_WARN_UNUSED_VARIABLE = YES;
				IPHONEOS_DEPLOYMENT_TARGET = 16.4;
				MTL_ENABLE_DEBUG_INFO = INCLUDE_SOURCE;
				MTL_FAST_MATH = YES;
				ONLY_ACTIVE_ARCH = YES;
				SDKROOT = iphoneos;
				SWIFT_ACTIVE_COMPILATION_CONDITIONS = DEBUG;
				SWIFT_OPTIMIZATION_LEVEL = "-Onone";
			};
			name = Debug;
		};
		1B07259D2A7D8DCE007DB802 /* Release */ = {
			isa = XCBuildConfiguration;
			buildSettings = {
				ALWAYS_SEARCH_USER_PATHS = NO;
				CLANG_ANALYZER_NONNULL = YES;
				CLANG_ANALYZER_NUMBER_OBJECT_CONVERSION = YES_AGGRESSIVE;
				CLANG_CXX_LANGUAGE_STANDARD = "gnu++20";
				CLANG_ENABLE_MODULES = YES;
				CLANG_ENABLE_OBJC_ARC = YES;
				CLANG_ENABLE_OBJC_WEAK = YES;
				CLANG_WARN_BLOCK_CAPTURE_AUTORELEASING = YES;
				CLANG_WARN_BOOL_CONVERSION = YES;
				CLANG_WARN_COMMA = YES;
				CLANG_WARN_CONSTANT_CONVERSION = YES;
				CLANG_WARN_DEPRECATED_OBJC_IMPLEMENTATIONS = YES;
				CLANG_WARN_DIRECT_OBJC_ISA_USAGE = YES_ERROR;
				CLANG_WARN_DOCUMENTATION_COMMENTS = YES;
				CLANG_WARN_EMPTY_BODY = YES;
				CLANG_WARN_ENUM_CONVERSION = YES;
				CLANG_WARN_INFINITE_RECURSION = YES;
				CLANG_WARN_INT_CONVERSION = YES;
				CLANG_WARN_NON_LITERAL_NULL_CONVERSION = YES;
				CLANG_WARN_OBJC_IMPLICIT_RETAIN_SELF = YES;
				CLANG_WARN_OBJC_LITERAL_CONVERSION = YES;
				CLANG_WARN_OBJC_ROOT_CLASS = YES_ERROR;
				CLANG_WARN_QUOTED_INCLUDE_IN_FRAMEWORK_HEADER = YES;
				CLANG_WARN_RANGE_LOOP_ANALYSIS = YES;
				CLANG_WARN_STRICT_PROTOTYPES = YES;
				CLANG_WARN_SUSPICIOUS_MOVE = YES;
				CLANG_WARN_UNGUARDED_AVAILABILITY = YES_AGGRESSIVE;
				CLANG_WARN_UNREACHABLE_CODE = YES;
				CLANG_WARN__DUPLICATE_METHOD_MATCH = YES;
				COPY_PHASE_STRIP = NO;
				DEBUG_INFORMATION_FORMAT = "dwarf-with-dsym";
				ENABLE_NS_ASSERTIONS = NO;
				ENABLE_STRICT_OBJC_MSGSEND = YES;
				GCC_C_LANGUAGE_STANDARD = gnu11;
				GCC_NO_COMMON_BLOCKS = YES;
				GCC_WARN_64_TO_32_BIT_CONVERSION = YES;
				GCC_WARN_ABOUT_RETURN_TYPE = YES_ERROR;
				GCC_WARN_UNDECLARED_SELECTOR = YES;
				GCC_WARN_UNINITIALIZED_AUTOS = YES_AGGRESSIVE;
				GCC_WARN_UNUSED_FUNCTION = YES;
				GCC_WARN_UNUSED_VARIABLE = YES;
				IPHONEOS_DEPLOYMENT_TARGET = 16.4;
				MTL_ENABLE_DEBUG_INFO = NO;
				MTL_FAST_MATH = YES;
				SDKROOT = iphoneos;
				SWIFT_COMPILATION_MODE = wholemodule;
				SWIFT_OPTIMIZATION_LEVEL = "-O";
				VALIDATE_PRODUCT = YES;
			};
			name = Release;
		};
		1B07259F2A7D8DCE007DB802 /* Debug */ = {
			isa = XCBuildConfiguration;
			buildSettings = {
				ASSETCATALOG_COMPILER_APPICON_NAME = AppIcon;
				ASSETCATALOG_COMPILER_GLOBAL_ACCENT_COLOR_NAME = AccentColor;
				CODE_SIGN_STYLE = Automatic;
				CURRENT_PROJECT_VERSION = 1;
				DEVELOPMENT_ASSET_PATHS = "\"Uber-Ish/Preview Content\"";
				DEVELOPMENT_TEAM = WT396HXXF8;
				ENABLE_PREVIEWS = YES;
				GENERATE_INFOPLIST_FILE = YES;
				INFOPLIST_FILE = "Uber-Ish/Info.plist";
				INFOPLIST_KEY_NSLocationWhenInUseUsageDescription = "Please allow us to access your location to find you nearby drivers and rides";
				INFOPLIST_KEY_UIApplicationSceneManifest_Generation = YES;
				INFOPLIST_KEY_UIApplicationSupportsIndirectInputEvents = YES;
				INFOPLIST_KEY_UILaunchScreen_Generation = YES;
				INFOPLIST_KEY_UISupportedInterfaceOrientations_iPad = "UIInterfaceOrientationPortrait UIInterfaceOrientationPortraitUpsideDown UIInterfaceOrientationLandscapeLeft UIInterfaceOrientationLandscapeRight";
				INFOPLIST_KEY_UISupportedInterfaceOrientations_iPhone = "UIInterfaceOrientationPortrait UIInterfaceOrientationLandscapeLeft UIInterfaceOrientationLandscapeRight";
				LD_RUNPATH_SEARCH_PATHS = (
					"$(inherited)",
					"@executable_path/Frameworks",
				);
				MARKETING_VERSION = 1.0;
				PRODUCT_BUNDLE_IDENTIFIER = "coolish.Uber-Ish";
				PRODUCT_NAME = "$(TARGET_NAME)";
				SWIFT_EMIT_LOC_STRINGS = YES;
				SWIFT_VERSION = 5.0;
				TARGETED_DEVICE_FAMILY = "1,2";
			};
			name = Debug;
		};
		1B0725A02A7D8DCE007DB802 /* Release */ = {
			isa = XCBuildConfiguration;
			buildSettings = {
				ASSETCATALOG_COMPILER_APPICON_NAME = AppIcon;
				ASSETCATALOG_COMPILER_GLOBAL_ACCENT_COLOR_NAME = AccentColor;
				CODE_SIGN_STYLE = Automatic;
				CURRENT_PROJECT_VERSION = 1;
				DEVELOPMENT_ASSET_PATHS = "\"Uber-Ish/Preview Content\"";
				DEVELOPMENT_TEAM = WT396HXXF8;
				ENABLE_PREVIEWS = YES;
				GENERATE_INFOPLIST_FILE = YES;
				INFOPLIST_FILE = "Uber-Ish/Info.plist";
				INFOPLIST_KEY_NSLocationWhenInUseUsageDescription = "Please allow us to access your location to find you nearby drivers and rides";
				INFOPLIST_KEY_UIApplicationSceneManifest_Generation = YES;
				INFOPLIST_KEY_UIApplicationSupportsIndirectInputEvents = YES;
				INFOPLIST_KEY_UILaunchScreen_Generation = YES;
				INFOPLIST_KEY_UISupportedInterfaceOrientations_iPad = "UIInterfaceOrientationPortrait UIInterfaceOrientationPortraitUpsideDown UIInterfaceOrientationLandscapeLeft UIInterfaceOrientationLandscapeRight";
				INFOPLIST_KEY_UISupportedInterfaceOrientations_iPhone = "UIInterfaceOrientationPortrait UIInterfaceOrientationLandscapeLeft UIInterfaceOrientationLandscapeRight";
				LD_RUNPATH_SEARCH_PATHS = (
					"$(inherited)",
					"@executable_path/Frameworks",
				);
				MARKETING_VERSION = 1.0;
				PRODUCT_BUNDLE_IDENTIFIER = "coolish.Uber-Ish";
				PRODUCT_NAME = "$(TARGET_NAME)";
				SWIFT_EMIT_LOC_STRINGS = YES;
				SWIFT_VERSION = 5.0;
				TARGETED_DEVICE_FAMILY = "1,2";
			};
			name = Release;
		};
		1B0725A22A7D8DCE007DB802 /* Debug */ = {
			isa = XCBuildConfiguration;
			buildSettings = {
				ALWAYS_EMBED_SWIFT_STANDARD_LIBRARIES = YES;
				BUNDLE_LOADER = "$(TEST_HOST)";
				CODE_SIGN_STYLE = Automatic;
				CURRENT_PROJECT_VERSION = 1;
				DEVELOPMENT_TEAM = WT396HXXF8;
				GENERATE_INFOPLIST_FILE = YES;
				IPHONEOS_DEPLOYMENT_TARGET = 16.4;
				MARKETING_VERSION = 1.0;
				PRODUCT_BUNDLE_IDENTIFIER = "coolish.Uber-IshTests";
				PRODUCT_NAME = "$(TARGET_NAME)";
				SWIFT_EMIT_LOC_STRINGS = NO;
				SWIFT_VERSION = 5.0;
				TARGETED_DEVICE_FAMILY = "1,2";
				TEST_HOST = "$(BUILT_PRODUCTS_DIR)/Uber-Ish.app/$(BUNDLE_EXECUTABLE_FOLDER_PATH)/Uber-Ish";
			};
			name = Debug;
		};
		1B0725A32A7D8DCE007DB802 /* Release */ = {
			isa = XCBuildConfiguration;
			buildSettings = {
				ALWAYS_EMBED_SWIFT_STANDARD_LIBRARIES = YES;
				BUNDLE_LOADER = "$(TEST_HOST)";
				CODE_SIGN_STYLE = Automatic;
				CURRENT_PROJECT_VERSION = 1;
				DEVELOPMENT_TEAM = WT396HXXF8;
				GENERATE_INFOPLIST_FILE = YES;
				IPHONEOS_DEPLOYMENT_TARGET = 16.4;
				MARKETING_VERSION = 1.0;
				PRODUCT_BUNDLE_IDENTIFIER = "coolish.Uber-IshTests";
				PRODUCT_NAME = "$(TARGET_NAME)";
				SWIFT_EMIT_LOC_STRINGS = NO;
				SWIFT_VERSION = 5.0;
				TARGETED_DEVICE_FAMILY = "1,2";
				TEST_HOST = "$(BUILT_PRODUCTS_DIR)/Uber-Ish.app/$(BUNDLE_EXECUTABLE_FOLDER_PATH)/Uber-Ish";
			};
			name = Release;
		};
		1B0725A52A7D8DCE007DB802 /* Debug */ = {
			isa = XCBuildConfiguration;
			buildSettings = {
				ALWAYS_EMBED_SWIFT_STANDARD_LIBRARIES = YES;
				CODE_SIGN_STYLE = Automatic;
				CURRENT_PROJECT_VERSION = 1;
				DEVELOPMENT_TEAM = WT396HXXF8;
				GENERATE_INFOPLIST_FILE = YES;
				MARKETING_VERSION = 1.0;
				PRODUCT_BUNDLE_IDENTIFIER = "coolish.Uber-IshUITests";
				PRODUCT_NAME = "$(TARGET_NAME)";
				SWIFT_EMIT_LOC_STRINGS = NO;
				SWIFT_VERSION = 5.0;
				TARGETED_DEVICE_FAMILY = "1,2";
				TEST_TARGET_NAME = "Uber-Ish";
			};
			name = Debug;
		};
		1B0725A62A7D8DCE007DB802 /* Release */ = {
			isa = XCBuildConfiguration;
			buildSettings = {
				ALWAYS_EMBED_SWIFT_STANDARD_LIBRARIES = YES;
				CODE_SIGN_STYLE = Automatic;
				CURRENT_PROJECT_VERSION = 1;
				DEVELOPMENT_TEAM = WT396HXXF8;
				GENERATE_INFOPLIST_FILE = YES;
				MARKETING_VERSION = 1.0;
				PRODUCT_BUNDLE_IDENTIFIER = "coolish.Uber-IshUITests";
				PRODUCT_NAME = "$(TARGET_NAME)";
				SWIFT_EMIT_LOC_STRINGS = NO;
				SWIFT_VERSION = 5.0;
				TARGETED_DEVICE_FAMILY = "1,2";
				TEST_TARGET_NAME = "Uber-Ish";
			};
			name = Release;
		};
/* End XCBuildConfiguration section */

/* Begin XCConfigurationList section */
		1B0725752A7D8DCC007DB802 /* Build configuration list for PBXProject "Uber-Ish" */ = {
			isa = XCConfigurationList;
			buildConfigurations = (
				1B07259C2A7D8DCE007DB802 /* Debug */,
				1B07259D2A7D8DCE007DB802 /* Release */,
			);
			defaultConfigurationIsVisible = 0;
			defaultConfigurationName = Release;
		};
		1B07259E2A7D8DCE007DB802 /* Build configuration list for PBXNativeTarget "Uber-Ish" */ = {
			isa = XCConfigurationList;
			buildConfigurations = (
				1B07259F2A7D8DCE007DB802 /* Debug */,
				1B0725A02A7D8DCE007DB802 /* Release */,
			);
			defaultConfigurationIsVisible = 0;
			defaultConfigurationName = Release;
		};
		1B0725A12A7D8DCE007DB802 /* Build configuration list for PBXNativeTarget "Uber-IshTests" */ = {
			isa = XCConfigurationList;
			buildConfigurations = (
				1B0725A22A7D8DCE007DB802 /* Debug */,
				1B0725A32A7D8DCE007DB802 /* Release */,
			);
			defaultConfigurationIsVisible = 0;
			defaultConfigurationName = Release;
		};
		1B0725A42A7D8DCE007DB802 /* Build configuration list for PBXNativeTarget "Uber-IshUITests" */ = {
			isa = XCConfigurationList;
			buildConfigurations = (
				1B0725A52A7D8DCE007DB802 /* Debug */,
				1B0725A62A7D8DCE007DB802 /* Release */,
			);
			defaultConfigurationIsVisible = 0;
			defaultConfigurationName = Release;
		};
/* End XCConfigurationList section */

/* Begin XCRemoteSwiftPackageReference section */
		1B97C74C2A8A8CC1003BE57E /* XCRemoteSwiftPackageReference "firebase-ios-sdk" */ = {
			isa = XCRemoteSwiftPackageReference;
			repositoryURL = "https://github.com/firebase/firebase-ios-sdk";
			requirement = {
				kind = upToNextMajorVersion;
				minimumVersion = 10.0.0;
			};
		};
/* End XCRemoteSwiftPackageReference section */

/* Begin XCSwiftPackageProductDependency section */
		1B97C74D2A8A8CC1003BE57E /* FirebaseAuth */ = {
			isa = XCSwiftPackageProductDependency;
			package = 1B97C74C2A8A8CC1003BE57E /* XCRemoteSwiftPackageReference "firebase-ios-sdk" */;
			productName = FirebaseAuth;
		};
		1B97C74F2A8A8CC1003BE57E /* FirebaseFirestore */ = {
			isa = XCSwiftPackageProductDependency;
			package = 1B97C74C2A8A8CC1003BE57E /* XCRemoteSwiftPackageReference "firebase-ios-sdk" */;
			productName = FirebaseFirestore;
		};
		1B97C7512A8A8CC1003BE57E /* FirebaseFirestoreSwift */ = {
			isa = XCSwiftPackageProductDependency;
			package = 1B97C74C2A8A8CC1003BE57E /* XCRemoteSwiftPackageReference "firebase-ios-sdk" */;
			productName = FirebaseFirestoreSwift;
		};
		1B97C7532A8A8CC1003BE57E /* FirebaseStorage */ = {
			isa = XCSwiftPackageProductDependency;
			package = 1B97C74C2A8A8CC1003BE57E /* XCRemoteSwiftPackageReference "firebase-ios-sdk" */;
			productName = FirebaseStorage;
		};
/* End XCSwiftPackageProductDependency section */
	};
	rootObject = 1B0725722A7D8DCC007DB802 /* Project object */;
}
